
Microsoft Visual Studio Solution File, Format Version 12.00
# Visual Studio Version 17
VisualStudioVersion = 17.14.36221.1
MinimumVisualStudioVersion = 10.0.40219.1
Project("{FAE04EC0-301F-11D3-BF4B-00C04F79EFBC}") = "EdgeGridAuth", "EdgeGridAuth\EdgeGridAuth.csproj", "{CC306319-C8CC-4375-8B31-B0B284BAD185}"
EndProject
Project("{FAE04EC0-301F-11D3-BF4B-00C04F79EFBC}") = "EdgeGridConsole", "EdgeGridConsole\EdgeGridConsole.csproj", "{09C3F2B9-2836-43AD-942B-3C9E82999AFA}"
	ProjectSection(ProjectDependencies) = postProject
		{CC306319-C8CC-4375-8B31-B0B284BAD185} = {CC306319-C8CC-4375-8B31-B0B284BAD185}
	EndProjectSection
EndProject
Global
	GlobalSection(SolutionConfigurationPlatforms) = preSolution
		Debug|Any CPU = Debug|Any CPU
		Release|Any CPU = Release|Any CPU
	EndGlobalSection
	GlobalSection(ProjectConfigurationPlatforms) = postSolution
		{CC306319-C8CC-4375-8B31-B0B284BAD185}.Debug|Any CPU.ActiveCfg = Debug|Any CPU
		{CC306319-C8CC-4375-8B31-B0B284BAD185}.Debug|Any CPU.Build.0 = Debug|Any CPU
		{CC306319-C8CC-4375-8B31-B0B284BAD185}.Release|Any CPU.ActiveCfg = Release|Any CPU
		{CC306319-C8CC-4375-8B31-B0B284BAD185}.Release|Any CPU.Build.0 = Release|Any CPU
		{09C3F2B9-2836-43AD-942B-3C9E82999AFA}.Debug|Any CPU.ActiveCfg = Debug|Any CPU
		{09C3F2B9-2836-43AD-942B-3C9E82999AFA}.Debug|Any CPU.Build.0 = Debug|Any CPU
		{09C3F2B9-2836-43AD-942B-3C9E82999AFA}.Release|Any CPU.ActiveCfg = Release|Any CPU
		{09C3F2B9-2836-43AD-942B-3C9E82999AFA}.Release|Any CPU.Build.0 = Release|Any CPU
	EndGlobalSection
	GlobalSection(SolutionProperties) = preSolution
		HideSolutionNode = FALSE
	EndGlobalSection
	GlobalSection(ExtensibilityGlobals) = postSolution
		SolutionGuid = {EAD403CC-C867-40B9-8690-AFC18E151B99}
	EndGlobalSection
EndGlobal
