
Microsoft Visual Studio Solution File, Format Version 12.00
# Visual Studio 15
VisualStudioVersion = 15.0.27703.2042
MinimumVisualStudioVersion = 10.0.40219.1
Project("{9A19103F-16F7-4668-BE54-9A1E7A4F7556}") = "EdgeGridAuth", "EdgeGridAuth\EdgeGridAuth.csproj", "{233C6D15-DFBC-4D35-89D6-F47C5C696BC7}"
EndProject
Project("{9A19103F-16F7-4668-BE54-9A1E7A4F7556}") = "EdgeGridAuthTest", "EdgeGridAuthTest\EdgeGridAuthTest.csproj", "{29E067D5-38E9-460A-B4AB-4F967C51FE2C}"
EndProject
Project("{9A19103F-16F7-4668-BE54-9A1E7A4F7556}") = "OpenAPI", "OpenAPI\OpenAPI.csproj", "{7755B727-9A52-454F-9B3E-56CA9C5061C7}"
EndProject
Global
	GlobalSection(SolutionConfigurationPlatforms) = preSolution
		Debug|Any CPU = Debug|Any CPU
		Release|Any CPU = Release|Any CPU
	EndGlobalSection
	GlobalSection(ProjectConfigurationPlatforms) = postSolution
		{233C6D15-DFBC-4D35-89D6-F47C5C696BC7}.Debug|Any CPU.ActiveCfg = Debug|Any CPU
		{233C6D15-DFBC-4D35-89D6-F47C5C696BC7}.Debug|Any CPU.Build.0 = Debug|Any CPU
		{233C6D15-DFBC-4D35-89D6-F47C5C696BC7}.Release|Any CPU.ActiveCfg = Release|Any CPU
		{233C6D15-DFBC-4D35-89D6-F47C5C696BC7}.Release|Any CPU.Build.0 = Release|Any CPU
		{29E067D5-38E9-460A-B4AB-4F967C51FE2C}.Debug|Any CPU.ActiveCfg = Debug|Any CPU
		{29E067D5-38E9-460A-B4AB-4F967C51FE2C}.Debug|Any CPU.Build.0 = Debug|Any CPU
		{29E067D5-38E9-460A-B4AB-4F967C51FE2C}.Release|Any CPU.ActiveCfg = Release|Any CPU
		{29E067D5-38E9-460A-B4AB-4F967C51FE2C}.Release|Any CPU.Build.0 = Release|Any CPU
		{7755B727-9A52-454F-9B3E-56CA9C5061C7}.Debug|Any CPU.ActiveCfg = Debug|Any CPU
		{7755B727-9A52-454F-9B3E-56CA9C5061C7}.Debug|Any CPU.Build.0 = Debug|Any CPU
		{7755B727-9A52-454F-9B3E-56CA9C5061C7}.Release|Any CPU.ActiveCfg = Release|Any CPU
		{7755B727-9A52-454F-9B3E-56CA9C5061C7}.Release|Any CPU.Build.0 = Release|Any CPU
	EndGlobalSection
	GlobalSection(SolutionProperties) = preSolution
		HideSolutionNode = FALSE
	EndGlobalSection
	GlobalSection(ExtensibilityGlobals) = postSolution
		SolutionGuid = {1935812B-F0C2-4CCA-94B0-52D431FF4F18}
	EndGlobalSection
EndGlobal
